{
  "originHash" : "ed3fea80cb3f0fe1233fdb1ede854f5e13b1fc9f756b0c733206b529f8cf7809",
  "pins" : [
    {
      "identity" : "openssl-apple",
      "kind" : "remoteSourceControl",
      "location" : "https://github.com/passepartoutvpn/openssl-apple",
      "state" : {
        "revision" : "4c152e7f49de4b0ae6e4059ba1425bd969ca4a84",
        "version" : "3.6.300"
      }
    },
    {
      "identity" : "swiftybeaver",
      "kind" : "remoteSourceControl",
      "location" : "https://github.com/SwiftyBeaver/SwiftyBeaver",
      "state" : {
        "revision" : "8cba041db09596183331d123f337d0eb2e6e8e91",
        "version" : "2.1.1"
      }
    },
    {
      "identity" : "wireguard-apple-xcframework",
      "kind" : "remoteSourceControl",
      "location" : "https://github.com/ridgelineinternational/wireguard-apple-xcframework",
      "state" : {
        "revision" : "0e34569b5110e3a3582652e0953fa62ecf9b2de9",
        "version" : "0.0.7"
      }
    }
  ],
  "version" : 3
}
