{
  "pins" : [
    {
      "identity" : "openssl",
      "kind" : "remoteSourceControl",
      "location" : "https://github.com/captain-show/OpenSSL",
      "state" : {
        "branch" : "main",
        "revision" : "203cd283fb22c2455bb56d146941145eee525ab2"
      }
    },
    {
      "identity" : "swiftybeaver",
      "kind" : "remoteSourceControl",
      "location" : "https://github.com/SwiftyBeaver/SwiftyBeaver",
      "state" : {
        "revision" : "8cba041db09596183331d123f337d0eb2e6e8e91",
        "version" : "2.1.1"
      }
    },
    {
      "identity" : "wireguard-apple",
      "kind" : "remoteSourceControl",
      "location" : "https://github.com/captain-show/wireguard-apple",
      "state" : {
        "branch" : "master",
        "revision" : "5f17497d6bd732381077e0392765842c90237dd3"
      }
    }
  ],
  "version" : 2
}
