{
  "pins" : [
    {
      "identity" : "openssl",
      "kind" : "remoteSourceControl",
      "location" : "https://github.com/captain-show/OpenSSL",
      "state" : {
        "branch" : "main",
        "revision" : "203cd283fb22c2455bb56d146941145eee525ab2"
      }
    },
    {
      "identity" : "swiftybeaver",
      "kind" : "remoteSourceControl",
      "location" : "https://github.com/SwiftyBeaver/SwiftyBeaver",
      "state" : {
        "revision" : "12b5acf96d98f91d50de447369bd18df74600f1a",
        "version" : "1.9.6"
      }
    },
    {
      "identity" : "wireguard-apple",
      "kind" : "remoteSourceControl",
      "location" : "https://github.com/captain-show/wireguard-apple",
      "state" : {
        "branch" : "master",
        "revision" : "a67e350e1b43365ff1db4e75c51c5f9c196927e7"
      }
    }
  ],
  "version" : 2
}
